
Microsoft Visual Studio Solution File, Format Version 12.00
# Visual Studio Version 16
VisualStudioVersion = 16.0.32126.315
MinimumVisualStudioVersion = 10.0.40219.1
Project("{FAE04EC0-301F-11D3-BF4B-00C04F79EFBC}") = "RESTMovies", "RESTMovies\RESTMovies.csproj", "{B6930C22-7539-43C0-B2CF-09362FEED1CA}"
EndProject
Global
	GlobalSection(SolutionConfigurationPlatforms) = preSolution
		Debug|Any CPU = Debug|Any CPU
		Release|Any CPU = Release|Any CPU
	EndGlobalSection
	GlobalSection(ProjectConfigurationPlatforms) = postSolution
		{B6930C22-7539-43C0-B2CF-09362FEED1CA}.Debug|Any CPU.ActiveCfg = Debug|Any CPU
		{B6930C22-7539-43C0-B2CF-09362FEED1CA}.Debug|Any CPU.Build.0 = Debug|Any CPU
		{B6930C22-7539-43C0-B2CF-09362FEED1CA}.Release|Any CPU.ActiveCfg = Release|Any CPU
		{B6930C22-7539-43C0-B2CF-09362FEED1CA}.Release|Any CPU.Build.0 = Release|Any CPU
	EndGlobalSection
	GlobalSection(SolutionProperties) = preSolution
		HideSolutionNode = FALSE
	EndGlobalSection
	GlobalSection(ExtensibilityGlobals) = postSolution
		SolutionGuid = {B4EC3330-8774-4C89-8639-868AC8546A39}
	EndGlobalSection
EndGlobal
